
Microsoft Visual Studio Solution File, Format Version 12.00
# Visual Studio Version 17
VisualStudioVersion = 17.12.35707.178 d17.12
MinimumVisualStudioVersion = 10.0.40219.1
Project("{FAE04EC0-301F-11D3-BF4B-00C04F79EFBC}") = "COMP003A.LectureActivity6-2", "COMP003A.LectureActivity6-2\COMP003A.LectureActivity6-2.csproj", "{BDF2CDF3-1CCC-4DC6-AF0B-BC1E6BD2644F}"
EndProject
Global
	GlobalSection(SolutionConfigurationPlatforms) = preSolution
		Debug|Any CPU = Debug|Any CPU
		Release|Any CPU = Release|Any CPU
	EndGlobalSection
	GlobalSection(ProjectConfigurationPlatforms) = postSolution
		{BDF2CDF3-1CCC-4DC6-AF0B-BC1E6BD2644F}.Debug|Any CPU.ActiveCfg = Debug|Any CPU
		{BDF2CDF3-1CCC-4DC6-AF0B-BC1E6BD2644F}.Debug|Any CPU.Build.0 = Debug|Any CPU
		{BDF2CDF3-1CCC-4DC6-AF0B-BC1E6BD2644F}.Release|Any CPU.ActiveCfg = Release|Any CPU
		{BDF2CDF3-1CCC-4DC6-AF0B-BC1E6BD2644F}.Release|Any CPU.Build.0 = Release|Any CPU
	EndGlobalSection
	GlobalSection(SolutionProperties) = preSolution
		HideSolutionNode = FALSE
	EndGlobalSection
EndGlobal
